// !$*UTF8*$!
{
	archiveVersion = 1;
	classes = {
	};
	objectVersion = 46;
	objects = {

/* Begin PBXBuildFile section */
		FC46E5EC1CC7C75F00B34421 /* AppDelegate.swift in Sources */ = {isa = PBXBuildFile; fileRef = FC46E5EB1CC7C75F00B34421 /* AppDelegate.swift */; };
		FC46E5EE1CC7C75F00B34421 /* ViewController.swift in Sources */ = {isa = PBXBuildFile; fileRef = FC46E5ED1CC7C75F00B34421 /* ViewController.swift */; };
		FC46E5F11CC7C75F00B34421 /* Main.storyboard in Resources */ = {isa = PBXBuildFile; fileRef = FC46E5EF1CC7C75F00B34421 /* Main.storyboard */; };
		FC46E5F41CC7C75F00B34421 /* TestAppReady4s.xcdatamodeld in Sources */ = {isa = PBXBuildFile; fileRef = FC46E5F21CC7C75F00B34421 /* TestAppReady4s.xcdatamodeld */; };
		FC46E5F61CC7C75F00B34421 /* Assets.xcassets in Resources */ = {isa = PBXBuildFile; fileRef = FC46E5F51CC7C75F00B34421 /* Assets.xcassets */; };
		FC46E5F91CC7C75F00B34421 /* LaunchScreen.storyboard in Resources */ = {isa = PBXBuildFile; fileRef = FC46E5F71CC7C75F00B34421 /* LaunchScreen.storyboard */; };
/* End PBXBuildFile section */

/* Begin PBXFileReference section */
		FC46E5E81CC7C75F00B34421 /* TestAppReady4s.app */ = {isa = PBXFileReference; explicitFileType = wrapper.application; includeInIndex = 0; path = TestAppReady4s.app; sourceTree = BUILT_PRODUCTS_DIR; };
		FC46E5EB1CC7C75F00B34421 /* AppDelegate.swift */ = {isa = PBXFileReference; lastKnownFileType = sourcecode.swift; path = AppDelegate.swift; sourceTree = "<group>"; };
		FC46E5ED1CC7C75F00B34421 /* ViewController.swift */ = {isa = PBXFileReference; lastKnownFileType = sourcecode.swift; path = ViewController.swift; sourceTree = "<group>"; };
		FC46E5F01CC7C75F00B34421 /* Base */ = {isa = PBXFileReference; lastKnownFileType = file.storyboard; name = Base; path = Base.lproj/Main.storyboard; sourceTree = "<group>"; };
		FC46E5F31CC7C75F00B34421 /* TestAppReady4s.xcdatamodel */ = {isa = PBXFileReference; lastKnownFileType = wrapper.xcdatamodel; path = TestAppReady4s.xcdatamodel; sourceTree = "<group>"; };
		FC46E5F51CC7C75F00B34421 /* Assets.xcassets */ = {isa = PBXFileReference; lastKnownFileType = folder.assetcatalog; path = Assets.xcassets; sourceTree = "<group>"; };
		FC46E5F81CC7C75F00B34421 /* Base */ = {isa = PBXFileReference; lastKnownFileType = file.storyboard; name = Base; path = Base.lproj/LaunchScreen.storyboard; sourceTree = "<group>"; };
		FC46E5FA1CC7C75F00B34421 /* Info.plist */ = {isa = PBXFileReference; lastKnownFileType = text.plist.xml; path = Info.plist; sourceTree = "<group>"; };
/* End PBXFileReference section */

/* Begin PBXFrameworksBuildPhase section */
		FC46E5E51CC7C75F00B34421 /* Frameworks */ = {
			isa = PBXFrameworksBuildPhase;
			buildActionMask = 2147483647;
			files = (
			);
			runOnlyForDeploymentPostprocessing = 0;
		};
/* End PBXFrameworksBuildPhase section */

/* Begin PBXGroup section */
		FC46E5DF1CC7C75F00B34421 = {
			isa = PBXGroup;
			children = (
				FC46E5EA1CC7C75F00B34421 /* TestAppReady4s */,
				FC46E5E91CC7C75F00B34421 /* Products */,
			);
			sourceTree = "<group>";
		};
		FC46E5E91CC7C75F00B34421 /* Products */ = {
			isa = PBXGroup;
			children = (
				FC46E5E81CC7C75F00B34421 /* TestAppReady4s.app */,
			);
			name = Products;
			sourceTree = "<group>";
		};
		FC46E5EA1CC7C75F00B34421 /* TestAppReady4s */ = {
			isa = PBXGroup;
			children = (
				FC46E5EB1CC7C75F00B34421 /* AppDelegate.swift */,
				FC46E5ED1CC7C75F00B34421 /* ViewController.swift */,
				FC46E5EF1CC7C75F00B34421 /* Main.storyboard */,
				FC46E5F51CC7C75F00B34421 /* Assets.xcassets */,
				FC46E5F71CC7C75F00B34421 /* LaunchScreen.storyboard */,
				FC46E5FA1CC7C75F00B34421 /* Info.plist */,
				FC46E5F21CC7C75F00B34421 /* TestAppReady4s.xcdatamodeld */,
			);
			path = TestAppReady4s;
			sourceTree = "<group>";
		};
/* End PBXGroup section */

/* Begin PBXNativeTarget section */
		FC46E5E71CC7C75F00B34421 /* TestAppReady4s */ = {
			isa = PBXNativeTarget;
			buildConfigurationList = FC46E5FD1CC7C75F00B34421 /* Build configuration list for PBXNativeTarget "TestAppReady4s" */;
			buildPhases = (
				FC46E5E41CC7C75F00B34421 /* Sources */,
				FC46E5E51CC7C75F00B34421 /* Frameworks */,
				FC46E5E61CC7C75F00B34421 /* Resources */,
			);
			buildRules = (
			);
			dependencies = (
			);
			name = TestAppReady4s;
			productName = TestAppReady4s;
			productReference = FC46E5E81CC7C75F00B34421 /* TestAppReady4s.app */;
			productType = "com.apple.product-type.application";
		};
/* End PBXNativeTarget section */

/* Begin PBXProject section */
		FC46E5E01CC7C75F00B34421 /* Project object */ = {
			isa = PBXProject;
			attributes = {
				LastSwiftUpdateCheck = 0730;
				LastUpgradeCheck = 0730;
				ORGANIZATIONNAME = "Anna-Maria Shkarlinska";
				TargetAttributes = {
					FC46E5E71CC7C75F00B34421 = {
						CreatedOnToolsVersion = 7.3;
						DevelopmentTeam = T2N35H5289;
					};
				};
			};
			buildConfigurationList = FC46E5E31CC7C75F00B34421 /* Build configuration list for PBXProject "TestAppReady4s" */;
			compatibilityVersion = "Xcode 3.2";
			developmentRegion = English;
			hasScannedForEncodings = 0;
			knownRegions = (
				en,
				Base,
			);
			mainGroup = FC46E5DF1CC7C75F00B34421;
			productRefGroup = FC46E5E91CC7C75F00B34421 /* Products */;
			projectDirPath = "";
			projectRoot = "";
			targets = (
				FC46E5E71CC7C75F00B34421 /* TestAppReady4s */,
			);
		};
/* End PBXProject section */

/* Begin PBXResourcesBuildPhase section */
		FC46E5E61CC7C75F00B34421 /* Resources */ = {
			isa = PBXResourcesBuildPhase;
			buildActionMask = 2147483647;
			files = (
				FC46E5F91CC7C75F00B34421 /* LaunchScreen.storyboard in Resources */,
				FC46E5F61CC7C75F00B34421 /* Assets.xcassets in Resources */,
				FC46E5F11CC7C75F00B34421 /* Main.storyboard in Resources */,
			);
			runOnlyForDeploymentPostprocessing = 0;
		};
/* End PBXResourcesBuildPhase section */

/* Begin PBXSourcesBuildPhase section */
		FC46E5E41CC7C75F00B34421 /* Sources */ = {
			isa = PBXSourcesBuildPhase;
			buildActionMask = 2147483647;
			files = (
				FC46E5EE1CC7C75F00B34421 /* ViewController.swift in Sources */,
				FC46E5EC1CC7C75F00B34421 /* AppDelegate.swift in Sources */,
				FC46E5F41CC7C75F00B34421 /* TestAppReady4s.xcdatamodeld in Sources */,
			);
			runOnlyForDeploymentPostprocessing = 0;
		};
/* End PBXSourcesBuildPhase section */

/* Begin PBXVariantGroup section */
		FC46E5EF1CC7C75F00B34421 /* Main.storyboard */ = {
			isa = PBXVariantGroup;
			children = (
				FC46E5F01CC7C75F00B34421 /* Base */,
			);
			name = Main.storyboard;
			sourceTree = "<group>";
		};
		FC46E5F71CC7C75F00B34421 /* LaunchScreen.storyboard */ = {
			isa = PBXVariantGroup;
			children = (
				FC46E5F81CC7C75F00B34421 /* Base */,
			);
			name = LaunchScreen.storyboard;
			sourceTree = "<group>";
		};
/* End PBXVariantGroup section */

/* Begin XCBuildConfiguration section */
		FC46E5FB1CC7C75F00B34421 /* Debug */ = {
			isa = XCBuildConfiguration;
			buildSettings = {
				ALWAYS_SEARCH_USER_PATHS = NO;
				CLANG_ANALYZER_NONNULL = YES;
				CLANG_CXX_LANGUAGE_STANDARD = "gnu++0x";
				CLANG_CXX_LIBRARY = "libc++";
				CLANG_ENABLE_MODULES = YES;
				CLANG_ENABLE_OBJC_ARC = YES;
				CLANG_WARN_BOOL_CONVERSION = YES;
				CLANG_WARN_CONSTANT_CONVERSION = YES;
				CLANG_WARN_DIRECT_OBJC_ISA_USAGE = YES_ERROR;
				CLANG_WARN_EMPTY_BODY = YES;
				CLANG_WARN_ENUM_CONVERSION = YES;
				CLANG_WARN_INT_CONVERSION = YES;
				CLANG_WARN_OBJC_ROOT_CLASS = YES_ERROR;
				CLANG_WARN_UNREACHABLE_CODE = YES;
				CLANG_WARN__DUPLICATE_METHOD_MATCH = YES;
				"CODE_SIGN_IDENTITY[sdk=iphoneos*]" = "iPhone Developer";
				COPY_PHASE_STRIP = NO;
				DEBUG_INFORMATION_FORMAT = dwarf;
				ENABLE_STRICT_OBJC_MSGSEND = YES;
				ENABLE_TESTABILITY = YES;
				GCC_C_LANGUAGE_STANDARD = gnu99;
				GCC_DYNAMIC_NO_PIC = NO;
				GCC_NO_COMMON_BLOCKS = YES;
				GCC_OPTIMIZATION_LEVEL = 0;
				GCC_PREPROCESSOR_DEFINITIONS = (
					"DEBUG=1",
					"$(inherited)",
				);
				GCC_WARN_64_TO_32_BIT_CONVERSION = YES;
				GCC_WARN_ABOUT_RETURN_TYPE = YES_ERROR;
				GCC_WARN_UNDECLARED_SELECTOR = YES;
				GCC_WARN_UNINITIALIZED_AUTOS = YES_AGGRESSIVE;
				GCC_WARN_UNUSED_FUNCTION = YES;
				GCC_WARN_UNUSED_VARIABLE = YES;
				IPHONEOS_DEPLOYMENT_TARGET = 9.3;
				MTL_ENABLE_DEBUG_INFO = YES;
				ONLY_ACTIVE_ARCH = YES;
				SDKROOT = iphoneos;
				SWIFT_OPTIMIZATION_LEVEL = "-Onone";
				TARGETED_DEVICE_FAMILY = "1,2";
			};
			name = Debug;
		};
		FC46E5FC1CC7C75F00B34421 /* Release */ = {
			isa = XCBuildConfiguration;
			buildSettings = {
				ALWAYS_SEARCH_USER_PATHS = NO;
				CLANG_ANALYZER_NONNULL = YES;
				CLANG_CXX_LANGUAGE_STANDARD = "gnu++0x";
				CLANG_CXX_LIBRARY = "libc++";
				CLANG_ENABLE_MODULES = YES;
				CLANG_ENABLE_OBJC_ARC = YES;
				CLANG_WARN_BOOL_CONVERSION = YES;
				CLANG_WARN_CONSTANT_CONVERSION = YES;
				CLANG_WARN_DIRECT_OBJC_ISA_USAGE = YES_ERROR;
				CLANG_WARN_EMPTY_BODY = YES;
				CLANG_WARN_ENUM_CONVERSION = YES;
				CLANG_WARN_INT_CONVERSION = YES;
				CLANG_WARN_OBJC_ROOT_CLASS = YES_ERROR;
				CLANG_WARN_UNREACHABLE_CODE = YES;
				CLANG_WARN__DUPLICATE_METHOD_MATCH = YES;
				"CODE_SIGN_IDENTITY[sdk=iphoneos*]" = "iPhone Developer";
				COPY_PHASE_STRIP = NO;
				DEBUG_INFORMATION_FORMAT = "dwarf-with-dsym";
				ENABLE_NS_ASSERTIONS = NO;
				ENABLE_STRICT_OBJC_MSGSEND = YES;
				GCC_C_LANGUAGE_STANDARD = gnu99;
				GCC_NO_COMMON_BLOCKS = YES;
				GCC_WARN_64_TO_32_BIT_CONVERSION = YES;
				GCC_WARN_ABOUT_RETURN_TYPE = YES_ERROR;
				GCC_WARN_UNDECLARED_SELECTOR = YES;
				GCC_WARN_UNINITIALIZED_AUTOS = YES_AGGRESSIVE;
				GCC_WARN_UNUSED_FUNCTION = YES;
				GCC_WARN_UNUSED_VARIABLE = YES;
				IPHONEOS_DEPLOYMENT_TARGET = 9.3;
				MTL_ENABLE_DEBUG_INFO = NO;
				SDKROOT = iphoneos;
				TARGETED_DEVICE_FAMILY = "1,2";
				VALIDATE_PRODUCT = YES;
			};
			name = Release;
		};
		FC46E5FE1CC7C75F00B34421 /* Debug */ = {
			isa = XCBuildConfiguration;
			buildSettings = {
				ASSETCATALOG_COMPILER_APPICON_NAME = AppIcon;
				INFOPLIST_FILE = TestAppReady4s/Info.plist;
				LD_RUNPATH_SEARCH_PATHS = "$(inherited) @executable_path/Frameworks";
				PRODUCT_BUNDLE_IDENTIFIER = shkarlinska.TestAppReady4s;
				PRODUCT_NAME = "$(TARGET_NAME)";
			};
			name = Debug;
		};
		FC46E5FF1CC7C75F00B34421 /* Release */ = {
			isa = XCBuildConfiguration;
			buildSettings = {
				ASSETCATALOG_COMPILER_APPICON_NAME = AppIcon;
				INFOPLIST_FILE = TestAppReady4s/Info.plist;
				LD_RUNPATH_SEARCH_PATHS = "$(inherited) @executable_path/Frameworks";
				PRODUCT_BUNDLE_IDENTIFIER = shkarlinska.TestAppReady4s;
				PRODUCT_NAME = "$(TARGET_NAME)";
			};
			name = Release;
		};
/* End XCBuildConfiguration section */

/* Begin XCConfigurationList section */
		FC46E5E31CC7C75F00B34421 /* Build configuration list for PBXProject "TestAppReady4s" */ = {
			isa = XCConfigurationList;
			buildConfigurations = (
				FC46E5FB1CC7C75F00B34421 /* Debug */,
				FC46E5FC1CC7C75F00B34421 /* Release */,
			);
			defaultConfigurationIsVisible = 0;
			defaultConfigurationName = Release;
		};
		FC46E5FD1CC7C75F00B34421 /* Build configuration list for PBXNativeTarget "TestAppReady4s" */ = {
			isa = XCConfigurationList;
			buildConfigurations = (
				FC46E5FE1CC7C75F00B34421 /* Debug */,
				FC46E5FF1CC7C75F00B34421 /* Release */,
			);
			defaultConfigurationIsVisible = 0;
		};
/* End XCConfigurationList section */

/* Begin XCVersionGroup section */
		FC46E5F21CC7C75F00B34421 /* TestAppReady4s.xcdatamodeld */ = {
			isa = XCVersionGroup;
			children = (
				FC46E5F31CC7C75F00B34421 /* TestAppReady4s.xcdatamodel */,
			);
			currentVersion = FC46E5F31CC7C75F00B34421 /* TestAppReady4s.xcdatamodel */;
			path = TestAppReady4s.xcdatamodeld;
			sourceTree = "<group>";
			versionGroupType = wrapper.xcdatamodel;
		};
/* End XCVersionGroup section */
	};
	rootObject = FC46E5E01CC7C75F00B34421 /* Project object */;
}
